// !$*UTF8*$!
{
	archiveVersion = 1;
	classes = {
	};
	objectVersion = 46;
	objects = {

/* Begin PBXBuildFile section */
		E102AE7E1DCB4C27000CFAEF /* Interceptor.swift in Sources */ = {isa = PBXBuildFile; fileRef = E102AE7D1DCB4C27000CFAEF /* Interceptor.swift */; };
		E102AE801DCB4DFC000CFAEF /* BuiltinInterceptors.swift in Sources */ = {isa = PBXBuildFile; fileRef = E102AE7F1DCB4DFC000CFAEF /* BuiltinInterceptors.swift */; };
		E102AE821DCB4E47000CFAEF /* Coeffects.swift in Sources */ = {isa = PBXBuildFile; fileRef = E102AE811DCB4E47000CFAEF /* Coeffects.swift */; };
		E102AE841DCB4E4C000CFAEF /* Effects.swift in Sources */ = {isa = PBXBuildFile; fileRef = E102AE831DCB4E4C000CFAEF /* Effects.swift */; };
		E13DBD631DC9FA5F003285A7 /* RxSwift.framework in Frameworks */ = {isa = PBXBuildFile; fileRef = E13DBD621DC9FA5F003285A7 /* RxSwift.framework */; };
		E13DBD641DC9FA5F003285A7 /* RxSwift.framework in Frameworks */ = {isa = PBXBuildFile; fileRef = E13DBD621DC9FA5F003285A7 /* RxSwift.framework */; };
		E13DBD651DC9FA67003285A7 /* RxSwift.framework in Embed Frameworks */ = {isa = PBXBuildFile; fileRef = E13DBD621DC9FA5F003285A7 /* RxSwift.framework */; settings = {ATTRIBUTES = (CodeSignOnCopy, RemoveHeadersOnCopy, ); }; };
		E1E949341DA1E9920019D24E /* SwiftFrame.framework in Frameworks */ = {isa = PBXBuildFile; fileRef = E1E9492A1DA1E9920019D24E /* SwiftFrame.framework */; };
		E1E949391DA1E9920019D24E /* SwiftFrameTests.swift in Sources */ = {isa = PBXBuildFile; fileRef = E1E949381DA1E9920019D24E /* SwiftFrameTests.swift */; };
		E1E9493B1DA1E9920019D24E /* SwiftFrame.h in Headers */ = {isa = PBXBuildFile; fileRef = E1E9492D1DA1E9920019D24E /* SwiftFrame.h */; settings = {ATTRIBUTES = (Public, ); }; };
		E1E9494D1DA1EB9E0019D24E /* Core.swift in Sources */ = {isa = PBXBuildFile; fileRef = E1E9494C1DA1EB9E0019D24E /* Core.swift */; };
		E1E949511DA1EBD40019D24E /* Registry.swift in Sources */ = {isa = PBXBuildFile; fileRef = E1E949501DA1EBD40019D24E /* Registry.swift */; };
		E1E949531DA1F5B10019D24E /* Stack.swift in Sources */ = {isa = PBXBuildFile; fileRef = E1E949521DA1F5B10019D24E /* Stack.swift */; };
		E1E949551DA1F5EF0019D24E /* Queue.swift in Sources */ = {isa = PBXBuildFile; fileRef = E1E949541DA1F5EF0019D24E /* Queue.swift */; };
		E1E949591DA218AB0019D24E /* Cartfile in Resources */ = {isa = PBXBuildFile; fileRef = E1E949581DA218AB0019D24E /* Cartfile */; };
/* End PBXBuildFile section */

/* Begin PBXContainerItemProxy section */
		E1E949351DA1E9920019D24E /* PBXContainerItemProxy */ = {
			isa = PBXContainerItemProxy;
			containerPortal = E1E949211DA1E9920019D24E /* Project object */;
			proxyType = 1;
			remoteGlobalIDString = E1E949291DA1E9920019D24E;
			remoteInfo = SwiftFrame;
		};
/* End PBXContainerItemProxy section */

/* Begin PBXCopyFilesBuildPhase section */
		E13DBD601DC9F834003285A7 /* Embed Frameworks */ = {
			isa = PBXCopyFilesBuildPhase;
			buildActionMask = 2147483647;
			dstPath = "";
			dstSubfolderSpec = 10;
			files = (
				E13DBD651DC9FA67003285A7 /* RxSwift.framework in Embed Frameworks */,
			);
			name = "Embed Frameworks";
			runOnlyForDeploymentPostprocessing = 0;
		};
/* End PBXCopyFilesBuildPhase section */

/* Begin PBXFileReference section */
		E102AE7D1DCB4C27000CFAEF /* Interceptor.swift */ = {isa = PBXFileReference; fileEncoding = 4; lastKnownFileType = sourcecode.swift; path = Interceptor.swift; sourceTree = "<group>"; };
		E102AE7F1DCB4DFC000CFAEF /* BuiltinInterceptors.swift */ = {isa = PBXFileReference; fileEncoding = 4; lastKnownFileType = sourcecode.swift; path = BuiltinInterceptors.swift; sourceTree = "<group>"; };
		E102AE811DCB4E47000CFAEF /* Coeffects.swift */ = {isa = PBXFileReference; fileEncoding = 4; lastKnownFileType = sourcecode.swift; path = Coeffects.swift; sourceTree = "<group>"; };
		E102AE831DCB4E4C000CFAEF /* Effects.swift */ = {isa = PBXFileReference; fileEncoding = 4; lastKnownFileType = sourcecode.swift; path = Effects.swift; sourceTree = "<group>"; };
		E13DBD621DC9FA5F003285A7 /* RxSwift.framework */ = {isa = PBXFileReference; lastKnownFileType = wrapper.framework; name = RxSwift.framework; path = Carthage/Build/Mac/RxSwift.framework; sourceTree = "<group>"; };
		E1E9492A1DA1E9920019D24E /* SwiftFrame.framework */ = {isa = PBXFileReference; explicitFileType = wrapper.framework; includeInIndex = 0; path = SwiftFrame.framework; sourceTree = BUILT_PRODUCTS_DIR; };
		E1E9492D1DA1E9920019D24E /* SwiftFrame.h */ = {isa = PBXFileReference; lastKnownFileType = sourcecode.c.h; path = SwiftFrame.h; sourceTree = "<group>"; };
		E1E9492E1DA1E9920019D24E /* Info.plist */ = {isa = PBXFileReference; lastKnownFileType = text.plist.xml; path = Info.plist; sourceTree = "<group>"; };
		E1E949331DA1E9920019D24E /* SwiftFrameTests.xctest */ = {isa = PBXFileReference; explicitFileType = wrapper.cfbundle; includeInIndex = 0; path = SwiftFrameTests.xctest; sourceTree = BUILT_PRODUCTS_DIR; };
		E1E949381DA1E9920019D24E /* SwiftFrameTests.swift */ = {isa = PBXFileReference; lastKnownFileType = sourcecode.swift; path = SwiftFrameTests.swift; sourceTree = "<group>"; };
		E1E9493A1DA1E9920019D24E /* Info.plist */ = {isa = PBXFileReference; lastKnownFileType = text.plist.xml; path = Info.plist; sourceTree = "<group>"; };
		E1E949441DA1E9B00019D24E /* CHANGELOG.md */ = {isa = PBXFileReference; fileEncoding = 4; lastKnownFileType = net.daringfireball.markdown; path = CHANGELOG.md; sourceTree = "<group>"; };
		E1E949451DA1E9B00019D24E /* LICENSE */ = {isa = PBXFileReference; fileEncoding = 4; lastKnownFileType = text; path = LICENSE; sourceTree = "<group>"; };
		E1E949461DA1E9B00019D24E /* README.md */ = {isa = PBXFileReference; fileEncoding = 4; lastKnownFileType = net.daringfireball.markdown; path = README.md; sourceTree = "<group>"; };
		E1E9494A1DA1E9DF0019D24E /* SwiftFrame.podspec */ = {isa = PBXFileReference; fileEncoding = 4; lastKnownFileType = text; path = SwiftFrame.podspec; sourceTree = "<group>"; };
		E1E9494C1DA1EB9E0019D24E /* Core.swift */ = {isa = PBXFileReference; fileEncoding = 4; lastKnownFileType = sourcecode.swift; path = Core.swift; sourceTree = "<group>"; };
		E1E949501DA1EBD40019D24E /* Registry.swift */ = {isa = PBXFileReference; fileEncoding = 4; lastKnownFileType = sourcecode.swift; path = Registry.swift; sourceTree = "<group>"; };
		E1E949521DA1F5B10019D24E /* Stack.swift */ = {isa = PBXFileReference; fileEncoding = 4; lastKnownFileType = sourcecode.swift; path = Stack.swift; sourceTree = "<group>"; };
		E1E949541DA1F5EF0019D24E /* Queue.swift */ = {isa = PBXFileReference; fileEncoding = 4; lastKnownFileType = sourcecode.swift; path = Queue.swift; sourceTree = "<group>"; };
		E1E949581DA218AB0019D24E /* Cartfile */ = {isa = PBXFileReference; fileEncoding = 4; lastKnownFileType = text; path = Cartfile; sourceTree = "<group>"; };
/* End PBXFileReference section */

/* Begin PBXFrameworksBuildPhase section */
		E1E949261DA1E9920019D24E /* Frameworks */ = {
			isa = PBXFrameworksBuildPhase;
			buildActionMask = 2147483647;
			files = (
				E13DBD631DC9FA5F003285A7 /* RxSwift.framework in Frameworks */,
			);
			runOnlyForDeploymentPostprocessing = 0;
		};
		E1E949301DA1E9920019D24E /* Frameworks */ = {
			isa = PBXFrameworksBuildPhase;
			buildActionMask = 2147483647;
			files = (
				E13DBD641DC9FA5F003285A7 /* RxSwift.framework in Frameworks */,
				E1E949341DA1E9920019D24E /* SwiftFrame.framework in Frameworks */,
			);
			runOnlyForDeploymentPostprocessing = 0;
		};
/* End PBXFrameworksBuildPhase section */

/* Begin PBXGroup section */
		E1E949201DA1E9920019D24E = {
			isa = PBXGroup;
			children = (
				E1E9492C1DA1E9920019D24E /* SwiftFrame */,
				E1E949371DA1E9920019D24E /* SwiftFrameTests */,
				E1E9492B1DA1E9920019D24E /* Products */,
				E1E9494F1DA1EBB50019D24E /* Project */,
				E1E9495A1DA220530019D24E /* Frameworks */,
			);
			sourceTree = "<group>";
		};
		E1E9492B1DA1E9920019D24E /* Products */ = {
			isa = PBXGroup;
			children = (
				E1E9492A1DA1E9920019D24E /* SwiftFrame.framework */,
				E1E949331DA1E9920019D24E /* SwiftFrameTests.xctest */,
			);
			name = Products;
			sourceTree = "<group>";
		};
		E1E9492C1DA1E9920019D24E /* SwiftFrame */ = {
			isa = PBXGroup;
			children = (
				E1E9494C1DA1EB9E0019D24E /* Core.swift */,
				E102AE7D1DCB4C27000CFAEF /* Interceptor.swift */,
				E102AE7F1DCB4DFC000CFAEF /* BuiltinInterceptors.swift */,
				E102AE811DCB4E47000CFAEF /* Coeffects.swift */,
				E102AE831DCB4E4C000CFAEF /* Effects.swift */,
				E1E949501DA1EBD40019D24E /* Registry.swift */,
				E1E949521DA1F5B10019D24E /* Stack.swift */,
				E1E949541DA1F5EF0019D24E /* Queue.swift */,
				E1E9494E1DA1EBA70019D24E /* Support */,
			);
			path = SwiftFrame;
			sourceTree = "<group>";
		};
		E1E949371DA1E9920019D24E /* SwiftFrameTests */ = {
			isa = PBXGroup;
			children = (
				E1E949381DA1E9920019D24E /* SwiftFrameTests.swift */,
				E1E9493A1DA1E9920019D24E /* Info.plist */,
			);
			path = SwiftFrameTests;
			sourceTree = "<group>";
		};
		E1E9494E1DA1EBA70019D24E /* Support */ = {
			isa = PBXGroup;
			children = (
				E1E9492D1DA1E9920019D24E /* SwiftFrame.h */,
				E1E9492E1DA1E9920019D24E /* Info.plist */,
			);
			name = Support;
			sourceTree = "<group>";
		};
		E1E9494F1DA1EBB50019D24E /* Project */ = {
			isa = PBXGroup;
			children = (
				E1E949441DA1E9B00019D24E /* CHANGELOG.md */,
				E1E949451DA1E9B00019D24E /* LICENSE */,
				E1E949461DA1E9B00019D24E /* README.md */,
				E1E9494A1DA1E9DF0019D24E /* SwiftFrame.podspec */,
				E1E949581DA218AB0019D24E /* Cartfile */,
			);
			name = Project;
			sourceTree = "<group>";
		};
		E1E9495A1DA220530019D24E /* Frameworks */ = {
			isa = PBXGroup;
			children = (
				E13DBD621DC9FA5F003285A7 /* RxSwift.framework */,
			);
			name = Frameworks;
			sourceTree = "<group>";
		};
/* End PBXGroup section */

/* Begin PBXHeadersBuildPhase section */
		E1E949271DA1E9920019D24E /* Headers */ = {
			isa = PBXHeadersBuildPhase;
			buildActionMask = 2147483647;
			files = (
				E1E9493B1DA1E9920019D24E /* SwiftFrame.h in Headers */,
			);
			runOnlyForDeploymentPostprocessing = 0;
		};
/* End PBXHeadersBuildPhase section */

/* Begin PBXNativeTarget section */
		E1E949291DA1E9920019D24E /* SwiftFrame */ = {
			isa = PBXNativeTarget;
			buildConfigurationList = E1E9493E1DA1E9920019D24E /* Build configuration list for PBXNativeTarget "SwiftFrame" */;
			buildPhases = (
				E1E949251DA1E9920019D24E /* Sources */,
				E1E949261DA1E9920019D24E /* Frameworks */,
				E1E949271DA1E9920019D24E /* Headers */,
				E1E949281DA1E9920019D24E /* Resources */,
				E13DBD5F1DC9F7CF003285A7 /* ShellScript */,
			);
			buildRules = (
			);
			dependencies = (
			);
			name = SwiftFrame;
			productName = SwiftFrame;
			productReference = E1E9492A1DA1E9920019D24E /* SwiftFrame.framework */;
			productType = "com.apple.product-type.framework";
		};
		E1E949321DA1E9920019D24E /* SwiftFrameTests */ = {
			isa = PBXNativeTarget;
			buildConfigurationList = E1E949411DA1E9920019D24E /* Build configuration list for PBXNativeTarget "SwiftFrameTests" */;
			buildPhases = (
				E1E9492F1DA1E9920019D24E /* Sources */,
				E1E949301DA1E9920019D24E /* Frameworks */,
				E1E949311DA1E9920019D24E /* Resources */,
				E13DBD601DC9F834003285A7 /* Embed Frameworks */,
			);
			buildRules = (
			);
			dependencies = (
				E1E949361DA1E9920019D24E /* PBXTargetDependency */,
			);
			name = SwiftFrameTests;
			productName = SwiftFrameTests;
			productReference = E1E949331DA1E9920019D24E /* SwiftFrameTests.xctest */;
			productType = "com.apple.product-type.bundle.unit-test";
		};
/* End PBXNativeTarget section */

/* Begin PBXProject section */
		E1E949211DA1E9920019D24E /* Project object */ = {
			isa = PBXProject;
			attributes = {
				LastSwiftUpdateCheck = 0800;
				LastUpgradeCheck = 0800;
				ORGANIZATIONNAME = "Nicholas Hurden";
				TargetAttributes = {
					E1E949291DA1E9920019D24E = {
						CreatedOnToolsVersion = 8.0;
						ProvisioningStyle = Automatic;
					};
					E1E949321DA1E9920019D24E = {
						CreatedOnToolsVersion = 8.0;
						ProvisioningStyle = Automatic;
					};
				};
			};
			buildConfigurationList = E1E949241DA1E9920019D24E /* Build configuration list for PBXProject "SwiftFrame" */;
			compatibilityVersion = "Xcode 3.2";
			developmentRegion = English;
			hasScannedForEncodings = 0;
			knownRegions = (
				en,
			);
			mainGroup = E1E949201DA1E9920019D24E;
			productRefGroup = E1E9492B1DA1E9920019D24E /* Products */;
			projectDirPath = "";
			projectRoot = "";
			targets = (
				E1E949291DA1E9920019D24E /* SwiftFrame */,
				E1E949321DA1E9920019D24E /* SwiftFrameTests */,
			);
		};
/* End PBXProject section */

/* Begin PBXResourcesBuildPhase section */
		E1E949281DA1E9920019D24E /* Resources */ = {
			isa = PBXResourcesBuildPhase;
			buildActionMask = 2147483647;
			files = (
				E1E949591DA218AB0019D24E /* Cartfile in Resources */,
			);
			runOnlyForDeploymentPostprocessing = 0;
		};
		E1E949311DA1E9920019D24E /* Resources */ = {
			isa = PBXResourcesBuildPhase;
			buildActionMask = 2147483647;
			files = (
			);
			runOnlyForDeploymentPostprocessing = 0;
		};
/* End PBXResourcesBuildPhase section */

/* Begin PBXShellScriptBuildPhase section */
		E13DBD5F1DC9F7CF003285A7 /* ShellScript */ = {
			isa = PBXShellScriptBuildPhase;
			buildActionMask = 2147483647;
			files = (
			);
			inputPaths = (
				"$(SRCROOT)/Carthage/Build/Mac/RxSwift.framework",
			);
			outputPaths = (
			);
			runOnlyForDeploymentPostprocessing = 0;
			shellPath = /bin/sh;
			shellScript = "/usr/local/bin/carthage copy-frameworks";
		};
/* End PBXShellScriptBuildPhase section */

/* Begin PBXSourcesBuildPhase section */
		E1E949251DA1E9920019D24E /* Sources */ = {
			isa = PBXSourcesBuildPhase;
			buildActionMask = 2147483647;
			files = (
				E102AE841DCB4E4C000CFAEF /* Effects.swift in Sources */,
				E1E9494D1DA1EB9E0019D24E /* Core.swift in Sources */,
				E102AE821DCB4E47000CFAEF /* Coeffects.swift in Sources */,
				E102AE801DCB4DFC000CFAEF /* BuiltinInterceptors.swift in Sources */,
				E102AE7E1DCB4C27000CFAEF /* Interceptor.swift in Sources */,
				E1E949531DA1F5B10019D24E /* Stack.swift in Sources */,
				E1E949511DA1EBD40019D24E /* Registry.swift in Sources */,
				E1E949551DA1F5EF0019D24E /* Queue.swift in Sources */,
			);
			runOnlyForDeploymentPostprocessing = 0;
		};
		E1E9492F1DA1E9920019D24E /* Sources */ = {
			isa = PBXSourcesBuildPhase;
			buildActionMask = 2147483647;
			files = (
				E1E949391DA1E9920019D24E /* SwiftFrameTests.swift in Sources */,
			);
			runOnlyForDeploymentPostprocessing = 0;
		};
/* End PBXSourcesBuildPhase section */

/* Begin PBXTargetDependency section */
		E1E949361DA1E9920019D24E /* PBXTargetDependency */ = {
			isa = PBXTargetDependency;
			target = E1E949291DA1E9920019D24E /* SwiftFrame */;
			targetProxy = E1E949351DA1E9920019D24E /* PBXContainerItemProxy */;
		};
/* End PBXTargetDependency section */

/* Begin XCBuildConfiguration section */
		E1E9493C1DA1E9920019D24E /* Debug */ = {
			isa = XCBuildConfiguration;
			buildSettings = {
				ALWAYS_SEARCH_USER_PATHS = NO;
				CLANG_ANALYZER_NONNULL = YES;
				CLANG_CXX_LANGUAGE_STANDARD = "gnu++0x";
				CLANG_CXX_LIBRARY = "libc++";
				CLANG_ENABLE_MODULES = YES;
				CLANG_ENABLE_OBJC_ARC = YES;
				CLANG_WARN_BOOL_CONVERSION = YES;
				CLANG_WARN_CONSTANT_CONVERSION = YES;
				CLANG_WARN_DIRECT_OBJC_ISA_USAGE = YES_ERROR;
				CLANG_WARN_DOCUMENTATION_COMMENTS = YES;
				CLANG_WARN_EMPTY_BODY = YES;
				CLANG_WARN_ENUM_CONVERSION = YES;
				CLANG_WARN_INFINITE_RECURSION = YES;
				CLANG_WARN_INT_CONVERSION = YES;
				CLANG_WARN_OBJC_ROOT_CLASS = YES_ERROR;
				CLANG_WARN_SUSPICIOUS_MOVES = YES;
				CLANG_WARN_UNREACHABLE_CODE = YES;
				CLANG_WARN__DUPLICATE_METHOD_MATCH = YES;
				CODE_SIGN_IDENTITY = "-";
				COPY_PHASE_STRIP = NO;
				CURRENT_PROJECT_VERSION = 1;
				DEBUG_INFORMATION_FORMAT = dwarf;
				ENABLE_STRICT_OBJC_MSGSEND = YES;
				ENABLE_TESTABILITY = YES;
				GCC_C_LANGUAGE_STANDARD = gnu99;
				GCC_DYNAMIC_NO_PIC = NO;
				GCC_NO_COMMON_BLOCKS = YES;
				GCC_OPTIMIZATION_LEVEL = 0;
				GCC_PREPROCESSOR_DEFINITIONS = (
					"DEBUG=1",
					"$(inherited)",
				);
				GCC_WARN_64_TO_32_BIT_CONVERSION = YES;
				GCC_WARN_ABOUT_RETURN_TYPE = YES_ERROR;
				GCC_WARN_UNDECLARED_SELECTOR = YES;
				GCC_WARN_UNINITIALIZED_AUTOS = YES_AGGRESSIVE;
				GCC_WARN_UNUSED_FUNCTION = YES;
				GCC_WARN_UNUSED_VARIABLE = YES;
				MACOSX_DEPLOYMENT_TARGET = 10.11;
				MTL_ENABLE_DEBUG_INFO = YES;
				ONLY_ACTIVE_ARCH = YES;
				SDKROOT = macosx;
				SWIFT_ACTIVE_COMPILATION_CONDITIONS = DEBUG;
				SWIFT_OPTIMIZATION_LEVEL = "-Onone";
				VERSIONING_SYSTEM = "apple-generic";
				VERSION_INFO_PREFIX = "";
			};
			name = Debug;
		};
		E1E9493D1DA1E9920019D24E /* Release */ = {
			isa = XCBuildConfiguration;
			buildSettings = {
				ALWAYS_SEARCH_USER_PATHS = NO;
				CLANG_ANALYZER_NONNULL = YES;
				CLANG_CXX_LANGUAGE_STANDARD = "gnu++0x";
				CLANG_CXX_LIBRARY = "libc++";
				CLANG_ENABLE_MODULES = YES;
				CLANG_ENABLE_OBJC_ARC = YES;
				CLANG_WARN_BOOL_CONVERSION = YES;
				CLANG_WARN_CONSTANT_CONVERSION = YES;
				CLANG_WARN_DIRECT_OBJC_ISA_USAGE = YES_ERROR;
				CLANG_WARN_DOCUMENTATION_COMMENTS = YES;
				CLANG_WARN_EMPTY_BODY = YES;
				CLANG_WARN_ENUM_CONVERSION = YES;
				CLANG_WARN_INFINITE_RECURSION = YES;
				CLANG_WARN_INT_CONVERSION = YES;
				CLANG_WARN_OBJC_ROOT_CLASS = YES_ERROR;
				CLANG_WARN_SUSPICIOUS_MOVES = YES;
				CLANG_WARN_UNREACHABLE_CODE = YES;
				CLANG_WARN__DUPLICATE_METHOD_MATCH = YES;
				CODE_SIGN_IDENTITY = "-";
				COPY_PHASE_STRIP = NO;
				CURRENT_PROJECT_VERSION = 1;
				DEBUG_INFORMATION_FORMAT = "dwarf-with-dsym";
				ENABLE_NS_ASSERTIONS = NO;
				ENABLE_STRICT_OBJC_MSGSEND = YES;
				GCC_C_LANGUAGE_STANDARD = gnu99;
				GCC_NO_COMMON_BLOCKS = YES;
				GCC_WARN_64_TO_32_BIT_CONVERSION = YES;
				GCC_WARN_ABOUT_RETURN_TYPE = YES_ERROR;
				GCC_WARN_UNDECLARED_SELECTOR = YES;
				GCC_WARN_UNINITIALIZED_AUTOS = YES_AGGRESSIVE;
				GCC_WARN_UNUSED_FUNCTION = YES;
				GCC_WARN_UNUSED_VARIABLE = YES;
				MACOSX_DEPLOYMENT_TARGET = 10.11;
				MTL_ENABLE_DEBUG_INFO = NO;
				SDKROOT = macosx;
				SWIFT_OPTIMIZATION_LEVEL = "-Owholemodule";
				VERSIONING_SYSTEM = "apple-generic";
				VERSION_INFO_PREFIX = "";
			};
			name = Release;
		};
		E1E9493F1DA1E9920019D24E /* Debug */ = {
			isa = XCBuildConfiguration;
			buildSettings = {
				CODE_SIGN_IDENTITY = "Mac Developer";
				COMBINE_HIDPI_IMAGES = YES;
				DEFINES_MODULE = YES;
				DEVELOPMENT_TEAM = "";
				DYLIB_COMPATIBILITY_VERSION = 1;
				DYLIB_CURRENT_VERSION = 1;
				DYLIB_INSTALL_NAME_BASE = "@rpath";
				FRAMEWORK_SEARCH_PATHS = (
					"$(inherited)",
					"$(PROJECT_DIR)/Carthage/Build/Mac",
				);
				FRAMEWORK_VERSION = A;
				INFOPLIST_FILE = SwiftFrame/Info.plist;
				INSTALL_PATH = "$(LOCAL_LIBRARY_DIR)/Frameworks";
				LD_RUNPATH_SEARCH_PATHS = "$(inherited) @executable_path/../Frameworks @loader_path/Frameworks";
				MACOSX_DEPLOYMENT_TARGET = 10.11;
				PRODUCT_BUNDLE_IDENTIFIER = nhurden.SwiftFrame;
				PRODUCT_NAME = "$(TARGET_NAME)";
				SKIP_INSTALL = YES;
				SWIFT_VERSION = 3.0;
			};
			name = Debug;
		};
		E1E949401DA1E9920019D24E /* Release */ = {
			isa = XCBuildConfiguration;
			buildSettings = {
				CODE_SIGN_IDENTITY = "";
				COMBINE_HIDPI_IMAGES = YES;
				DEFINES_MODULE = YES;
				DEVELOPMENT_TEAM = "";
				DYLIB_COMPATIBILITY_VERSION = 1;
				DYLIB_CURRENT_VERSION = 1;
				DYLIB_INSTALL_NAME_BASE = "@rpath";
				FRAMEWORK_SEARCH_PATHS = (
					"$(inherited)",
					"$(PROJECT_DIR)/Carthage/Build/Mac",
				);
				FRAMEWORK_VERSION = A;
				INFOPLIST_FILE = SwiftFrame/Info.plist;
				INSTALL_PATH = "$(LOCAL_LIBRARY_DIR)/Frameworks";
				LD_RUNPATH_SEARCH_PATHS = "$(inherited) @executable_path/../Frameworks @loader_path/Frameworks";
				MACOSX_DEPLOYMENT_TARGET = 10.11;
				PRODUCT_BUNDLE_IDENTIFIER = nhurden.SwiftFrame;
				PRODUCT_NAME = "$(TARGET_NAME)";
				SKIP_INSTALL = YES;
				SWIFT_VERSION = 3.0;
			};
			name = Release;
		};
		E1E949421DA1E9920019D24E /* Debug */ = {
			isa = XCBuildConfiguration;
			buildSettings = {
				ALWAYS_EMBED_SWIFT_STANDARD_LIBRARIES = YES;
				CODE_SIGN_IDENTITY = "";
				COMBINE_HIDPI_IMAGES = YES;
				DEVELOPMENT_TEAM = "";
				FRAMEWORK_SEARCH_PATHS = (
					"$(inherited)",
					"$(PROJECT_DIR)/Carthage/Build/Mac",
				);
				"FRAMEWORK_SEARCH_PATHS[arch=*]" = (
					"$(inherited)",
					"$(PROJECT_DIR)/Carthage/Build/Mac",
				);
				INFOPLIST_FILE = SwiftFrameTests/Info.plist;
				LD_RUNPATH_SEARCH_PATHS = "$(inherited) @executable_path/Frameworks @loader_path/Frameworks $(PROJECT_DIR)/Carthage/Build/Mac @loader_path/../Frameworks @executable_path/../Frameworks";
				PRODUCT_BUNDLE_IDENTIFIER = nhurden.SwiftFrameTests;
				PRODUCT_NAME = "$(TARGET_NAME)";
				SWIFT_VERSION = 3.0;
			};
			name = Debug;
		};
		E1E949431DA1E9920019D24E /* Release */ = {
			isa = XCBuildConfiguration;
			buildSettings = {
				ALWAYS_EMBED_SWIFT_STANDARD_LIBRARIES = YES;
				CODE_SIGN_IDENTITY = "";
				COMBINE_HIDPI_IMAGES = YES;
				DEVELOPMENT_TEAM = "";
				FRAMEWORK_SEARCH_PATHS = (
					"$(inherited)",
					"$(PROJECT_DIR)/Carthage/Build/Mac",
				);
				"FRAMEWORK_SEARCH_PATHS[arch=*]" = (
					"$(inherited)",
					"$(PROJECT_DIR)/Carthage/Build/Mac",
				);
				INFOPLIST_FILE = SwiftFrameTests/Info.plist;
				LD_RUNPATH_SEARCH_PATHS = "$(inherited) @executable_path/Frameworks @loader_path/Frameworks $(PROJECT_DIR)/Carthage/Build/Mac @loader_path/../Frameworks @executable_path/../Frameworks";
				PRODUCT_BUNDLE_IDENTIFIER = nhurden.SwiftFrameTests;
				PRODUCT_NAME = "$(TARGET_NAME)";
				SWIFT_VERSION = 3.0;
			};
			name = Release;
		};
/* End XCBuildConfiguration section */

/* Begin XCConfigurationList section */
		E1E949241DA1E9920019D24E /* Build configuration list for PBXProject "SwiftFrame" */ = {
			isa = XCConfigurationList;
			buildConfigurations = (
				E1E9493C1DA1E9920019D24E /* Debug */,
				E1E9493D1DA1E9920019D24E /* Release */,
			);
			defaultConfigurationIsVisible = 0;
			defaultConfigurationName = Release;
		};
		E1E9493E1DA1E9920019D24E /* Build configuration list for PBXNativeTarget "SwiftFrame" */ = {
			isa = XCConfigurationList;
			buildConfigurations = (
				E1E9493F1DA1E9920019D24E /* Debug */,
				E1E949401DA1E9920019D24E /* Release */,
			);
			defaultConfigurationIsVisible = 0;
			defaultConfigurationName = Release;
		};
		E1E949411DA1E9920019D24E /* Build configuration list for PBXNativeTarget "SwiftFrameTests" */ = {
			isa = XCConfigurationList;
			buildConfigurations = (
				E1E949421DA1E9920019D24E /* Debug */,
				E1E949431DA1E9920019D24E /* Release */,
			);
			defaultConfigurationIsVisible = 0;
			defaultConfigurationName = Release;
		};
/* End XCConfigurationList section */
	};
	rootObject = E1E949211DA1E9920019D24E /* Project object */;
}
